
Microsoft Visual Studio Solution File, Format Version 12.00
# Visual Studio Version 17
VisualStudioVersion = 17.9.34622.214
MinimumVisualStudioVersion = 10.0.40219.1
Project("{FAE04EC0-301F-11D3-BF4B-00C04F79EFBC}") = "MoniterTxtFile", "MoniterTxtFile\MoniterTxtFile.csproj", "{86889454-E575-455A-991B-A2E261456392}"
EndProject
Global
	GlobalSection(SolutionConfigurationPlatforms) = preSolution
		Debug|Any CPU = Debug|Any CPU
		Release|Any CPU = Release|Any CPU
	EndGlobalSection
	GlobalSection(ProjectConfigurationPlatforms) = postSolution
		{86889454-E575-455A-991B-A2E261456392}.Debug|Any CPU.ActiveCfg = Debug|Any CPU
		{86889454-E575-455A-991B-A2E261456392}.Debug|Any CPU.Build.0 = Debug|Any CPU
		{86889454-E575-455A-991B-A2E261456392}.Release|Any CPU.ActiveCfg = Release|Any CPU
		{86889454-E575-455A-991B-A2E261456392}.Release|Any CPU.Build.0 = Release|Any CPU
	EndGlobalSection
	GlobalSection(SolutionProperties) = preSolution
		HideSolutionNode = FALSE
	EndGlobalSection
	GlobalSection(ExtensibilityGlobals) = postSolution
		SolutionGuid = {9A883990-839A-4992-8D02-514B10C86CB8}
	EndGlobalSection
EndGlobal
